// !$*UTF8*$!
{
	archiveVersion = 1;
	classes = {
	};
	objectVersion = 56;
	objects = {

/* Begin PBXBuildFile section */
		C992F7BA29FF28A1004C1BB4 /* AppDelegate.swift in Sources */ = {isa = PBXBuildFile; fileRef = C992F7B929FF28A1004C1BB4 /* AppDelegate.swift */; };
		C992F7BC29FF28A1004C1BB4 /* SceneDelegate.swift in Sources */ = {isa = PBXBuildFile; fileRef = C992F7BB29FF28A1004C1BB4 /* SceneDelegate.swift */; };
		C992F7BE29FF28A1004C1BB4 /* ViewController.swift in Sources */ = {isa = PBXBuildFile; fileRef = C992F7BD29FF28A1004C1BB4 /* ViewController.swift */; };
		C992F7C129FF28A1004C1BB4 /* Main.storyboard in Resources */ = {isa = PBXBuildFile; fileRef = C992F7BF29FF28A1004C1BB4 /* Main.storyboard */; };
		C992F7C429FF28A1004C1BB4 /* twitter.xcdatamodeld in Sources */ = {isa = PBXBuildFile; fileRef = C992F7C229FF28A1004C1BB4 /* twitter.xcdatamodeld */; };
		C992F7C629FF28A2004C1BB4 /* Assets.xcassets in Resources */ = {isa = PBXBuildFile; fileRef = C992F7C529FF28A2004C1BB4 /* Assets.xcassets */; };
		C992F7C929FF28A2004C1BB4 /* LaunchScreen.storyboard in Resources */ = {isa = PBXBuildFile; fileRef = C992F7C729FF28A2004C1BB4 /* LaunchScreen.storyboard */; };
		C992F7D129FF2C74004C1BB4 /* twitterLogo.png in Resources */ = {isa = PBXBuildFile; fileRef = C992F7D029FF2C74004C1BB4 /* twitterLogo.png */; };
		C992F7D329FF8B9C004C1BB4 /* googleLogo.png in Resources */ = {isa = PBXBuildFile; fileRef = C992F7D229FF8B9C004C1BB4 /* googleLogo.png */; };
		C992F7D529FF8BA0004C1BB4 /* appleLogo.png in Resources */ = {isa = PBXBuildFile; fileRef = C992F7D429FF8BA0004C1BB4 /* appleLogo.png */; };
/* End PBXBuildFile section */

/* Begin PBXFileReference section */
		C992F7B629FF28A1004C1BB4 /* twitter.app */ = {isa = PBXFileReference; explicitFileType = wrapper.application; includeInIndex = 0; path = twitter.app; sourceTree = BUILT_PRODUCTS_DIR; };
		C992F7B929FF28A1004C1BB4 /* AppDelegate.swift */ = {isa = PBXFileReference; lastKnownFileType = sourcecode.swift; path = AppDelegate.swift; sourceTree = "<group>"; };
		C992F7BB29FF28A1004C1BB4 /* SceneDelegate.swift */ = {isa = PBXFileReference; lastKnownFileType = sourcecode.swift; path = SceneDelegate.swift; sourceTree = "<group>"; };
		C992F7BD29FF28A1004C1BB4 /* ViewController.swift */ = {isa = PBXFileReference; lastKnownFileType = sourcecode.swift; path = ViewController.swift; sourceTree = "<group>"; };
		C992F7C029FF28A1004C1BB4 /* Base */ = {isa = PBXFileReference; lastKnownFileType = file.storyboard; name = Base; path = Base.lproj/Main.storyboard; sourceTree = "<group>"; };
		C992F7C329FF28A1004C1BB4 /* twitter.xcdatamodel */ = {isa = PBXFileReference; lastKnownFileType = wrapper.xcdatamodel; path = twitter.xcdatamodel; sourceTree = "<group>"; };
		C992F7C529FF28A2004C1BB4 /* Assets.xcassets */ = {isa = PBXFileReference; lastKnownFileType = folder.assetcatalog; path = Assets.xcassets; sourceTree = "<group>"; };
		C992F7C829FF28A2004C1BB4 /* Base */ = {isa = PBXFileReference; lastKnownFileType = file.storyboard; name = Base; path = Base.lproj/LaunchScreen.storyboard; sourceTree = "<group>"; };
		C992F7CA29FF28A2004C1BB4 /* Info.plist */ = {isa = PBXFileReference; lastKnownFileType = text.plist.xml; path = Info.plist; sourceTree = "<group>"; };
		C992F7D029FF2C74004C1BB4 /* twitterLogo.png */ = {isa = PBXFileReference; lastKnownFileType = image.png; path = twitterLogo.png; sourceTree = "<group>"; };
		C992F7D229FF8B9C004C1BB4 /* googleLogo.png */ = {isa = PBXFileReference; lastKnownFileType = image.png; path = googleLogo.png; sourceTree = "<group>"; };
		C992F7D429FF8BA0004C1BB4 /* appleLogo.png */ = {isa = PBXFileReference; lastKnownFileType = image.png; path = appleLogo.png; sourceTree = "<group>"; };
/* End PBXFileReference section */

/* Begin PBXFrameworksBuildPhase section */
		C992F7B329FF28A1004C1BB4 /* Frameworks */ = {
			isa = PBXFrameworksBuildPhase;
			buildActionMask = 2147483647;
			files = (
			);
			runOnlyForDeploymentPostprocessing = 0;
		};
/* End PBXFrameworksBuildPhase section */

/* Begin PBXGroup section */
		C992F7AD29FF28A1004C1BB4 = {
			isa = PBXGroup;
			children = (
				C992F7B829FF28A1004C1BB4 /* twitter */,
				C992F7B729FF28A1004C1BB4 /* Products */,
			);
			sourceTree = "<group>";
		};
		C992F7B729FF28A1004C1BB4 /* Products */ = {
			isa = PBXGroup;
			children = (
				C992F7B629FF28A1004C1BB4 /* twitter.app */,
			);
			name = Products;
			sourceTree = "<group>";
		};
		C992F7B829FF28A1004C1BB4 /* twitter */ = {
			isa = PBXGroup;
			children = (
				C992F7B929FF28A1004C1BB4 /* AppDelegate.swift */,
				C992F7BB29FF28A1004C1BB4 /* SceneDelegate.swift */,
				C992F7BD29FF28A1004C1BB4 /* ViewController.swift */,
				C992F7BF29FF28A1004C1BB4 /* Main.storyboard */,
				C992F7C529FF28A2004C1BB4 /* Assets.xcassets */,
				C992F7C729FF28A2004C1BB4 /* LaunchScreen.storyboard */,
				C992F7D029FF2C74004C1BB4 /* twitterLogo.png */,
				C992F7CA29FF28A2004C1BB4 /* Info.plist */,
				C992F7D429FF8BA0004C1BB4 /* appleLogo.png */,
				C992F7D229FF8B9C004C1BB4 /* googleLogo.png */,
				C992F7C229FF28A1004C1BB4 /* twitter.xcdatamodeld */,
			);
			path = twitter;
			sourceTree = "<group>";
		};
/* End PBXGroup section */

/* Begin PBXNativeTarget section */
		C992F7B529FF28A1004C1BB4 /* twitter */ = {
			isa = PBXNativeTarget;
			buildConfigurationList = C992F7CD29FF28A2004C1BB4 /* Build configuration list for PBXNativeTarget "twitter" */;
			buildPhases = (
				C992F7B229FF28A1004C1BB4 /* Sources */,
				C992F7B329FF28A1004C1BB4 /* Frameworks */,
				C992F7B429FF28A1004C1BB4 /* Resources */,
			);
			buildRules = (
			);
			dependencies = (
			);
			name = twitter;
			productName = twitter;
			productReference = C992F7B629FF28A1004C1BB4 /* twitter.app */;
			productType = "com.apple.product-type.application";
		};
/* End PBXNativeTarget section */

/* Begin PBXProject section */
		C992F7AE29FF28A1004C1BB4 /* Project object */ = {
			isa = PBXProject;
			attributes = {
				BuildIndependentTargetsInParallel = 1;
				LastSwiftUpdateCheck = 1420;
				LastUpgradeCheck = 1420;
				TargetAttributes = {
					C992F7B529FF28A1004C1BB4 = {
						CreatedOnToolsVersion = 14.2;
					};
				};
			};
			buildConfigurationList = C992F7B129FF28A1004C1BB4 /* Build configuration list for PBXProject "twitter" */;
			compatibilityVersion = "Xcode 14.0";
			developmentRegion = en;
			hasScannedForEncodings = 0;
			knownRegions = (
				en,
				Base,
			);
			mainGroup = C992F7AD29FF28A1004C1BB4;
			productRefGroup = C992F7B729FF28A1004C1BB4 /* Products */;
			projectDirPath = "";
			projectRoot = "";
			targets = (
				C992F7B529FF28A1004C1BB4 /* twitter */,
			);
		};
/* End PBXProject section */

/* Begin PBXResourcesBuildPhase section */
		C992F7B429FF28A1004C1BB4 /* Resources */ = {
			isa = PBXResourcesBuildPhase;
			buildActionMask = 2147483647;
			files = (
				C992F7C929FF28A2004C1BB4 /* LaunchScreen.storyboard in Resources */,
				C992F7D329FF8B9C004C1BB4 /* googleLogo.png in Resources */,
				C992F7C629FF28A2004C1BB4 /* Assets.xcassets in Resources */,
				C992F7D129FF2C74004C1BB4 /* twitterLogo.png in Resources */,
				C992F7C129FF28A1004C1BB4 /* Main.storyboard in Resources */,
				C992F7D529FF8BA0004C1BB4 /* appleLogo.png in Resources */,
			);
			runOnlyForDeploymentPostprocessing = 0;
		};
/* End PBXResourcesBuildPhase section */

/* Begin PBXSourcesBuildPhase section */
		C992F7B229FF28A1004C1BB4 /* Sources */ = {
			isa = PBXSourcesBuildPhase;
			buildActionMask = 2147483647;
			files = (
				C992F7BE29FF28A1004C1BB4 /* ViewController.swift in Sources */,
				C992F7BA29FF28A1004C1BB4 /* AppDelegate.swift in Sources */,
				C992F7BC29FF28A1004C1BB4 /* SceneDelegate.swift in Sources */,
				C992F7C429FF28A1004C1BB4 /* twitter.xcdatamodeld in Sources */,
			);
			runOnlyForDeploymentPostprocessing = 0;
		};
/* End PBXSourcesBuildPhase section */

/* Begin PBXVariantGroup section */
		C992F7BF29FF28A1004C1BB4 /* Main.storyboard */ = {
			isa = PBXVariantGroup;
			children = (
				C992F7C029FF28A1004C1BB4 /* Base */,
			);
			name = Main.storyboard;
			sourceTree = "<group>";
		};
		C992F7C729FF28A2004C1BB4 /* LaunchScreen.storyboard */ = {
			isa = PBXVariantGroup;
			children = (
				C992F7C829FF28A2004C1BB4 /* Base */,
			);
			name = LaunchScreen.storyboard;
			sourceTree = "<group>";
		};
/* End PBXVariantGroup section */

/* Begin XCBuildConfiguration section */
		C992F7CB29FF28A2004C1BB4 /* Debug */ = {
			isa = XCBuildConfiguration;
			buildSettings = {
				ALWAYS_SEARCH_USER_PATHS = NO;
				CLANG_ANALYZER_NONNULL = YES;
				CLANG_ANALYZER_NUMBER_OBJECT_CONVERSION = YES_AGGRESSIVE;
				CLANG_CXX_LANGUAGE_STANDARD = "gnu++20";
				CLANG_ENABLE_MODULES = YES;
				CLANG_ENABLE_OBJC_ARC = YES;
				CLANG_ENABLE_OBJC_WEAK = YES;
				CLANG_WARN_BLOCK_CAPTURE_AUTORELEASING = YES;
				CLANG_WARN_BOOL_CONVERSION = YES;
				CLANG_WARN_COMMA = YES;
				CLANG_WARN_CONSTANT_CONVERSION = YES;
				CLANG_WARN_DEPRECATED_OBJC_IMPLEMENTATIONS = YES;
				CLANG_WARN_DIRECT_OBJC_ISA_USAGE = YES_ERROR;
				CLANG_WARN_DOCUMENTATION_COMMENTS = YES;
				CLANG_WARN_EMPTY_BODY = YES;
				CLANG_WARN_ENUM_CONVERSION = YES;
				CLANG_WARN_INFINITE_RECURSION = YES;
				CLANG_WARN_INT_CONVERSION = YES;
				CLANG_WARN_NON_LITERAL_NULL_CONVERSION = YES;
				CLANG_WARN_OBJC_IMPLICIT_RETAIN_SELF = YES;
				CLANG_WARN_OBJC_LITERAL_CONVERSION = YES;
				CLANG_WARN_OBJC_ROOT_CLASS = YES_ERROR;
				CLANG_WARN_QUOTED_INCLUDE_IN_FRAMEWORK_HEADER = YES;
				CLANG_WARN_RANGE_LOOP_ANALYSIS = YES;
				CLANG_WARN_STRICT_PROTOTYPES = YES;
				CLANG_WARN_SUSPICIOUS_MOVE = YES;
				CLANG_WARN_UNGUARDED_AVAILABILITY = YES_AGGRESSIVE;
				CLANG_WARN_UNREACHABLE_CODE = YES;
				CLANG_WARN__DUPLICATE_METHOD_MATCH = YES;
				COPY_PHASE_STRIP = NO;
				DEBUG_INFORMATION_FORMAT = dwarf;
				ENABLE_STRICT_OBJC_MSGSEND = YES;
				ENABLE_TESTABILITY = YES;
				GCC_C_LANGUAGE_STANDARD = gnu11;
				GCC_DYNAMIC_NO_PIC = NO;
				GCC_NO_COMMON_BLOCKS = YES;
				GCC_OPTIMIZATION_LEVEL = 0;
				GCC_PREPROCESSOR_DEFINITIONS = (
					"DEBUG=1",
					"$(inherited)",
				);
				GCC_WARN_64_TO_32_BIT_CONVERSION = YES;
				GCC_WARN_ABOUT_RETURN_TYPE = YES_ERROR;
				GCC_WARN_UNDECLARED_SELECTOR = YES;
				GCC_WARN_UNINITIALIZED_AUTOS = YES_AGGRESSIVE;
				GCC_WARN_UNUSED_FUNCTION = YES;
				GCC_WARN_UNUSED_VARIABLE = YES;
				IPHONEOS_DEPLOYMENT_TARGET = 16.2;
				MTL_ENABLE_DEBUG_INFO = INCLUDE_SOURCE;
				MTL_FAST_MATH = YES;
				ONLY_ACTIVE_ARCH = YES;
				SDKROOT = iphoneos;
				SWIFT_ACTIVE_COMPILATION_CONDITIONS = DEBUG;
				SWIFT_OPTIMIZATION_LEVEL = "-Onone";
			};
			name = Debug;
		};
		C992F7CC29FF28A2004C1BB4 /* Release */ = {
			isa = XCBuildConfiguration;
			buildSettings = {
				ALWAYS_SEARCH_USER_PATHS = NO;
				CLANG_ANALYZER_NONNULL = YES;
				CLANG_ANALYZER_NUMBER_OBJECT_CONVERSION = YES_AGGRESSIVE;
				CLANG_CXX_LANGUAGE_STANDARD = "gnu++20";
				CLANG_ENABLE_MODULES = YES;
				CLANG_ENABLE_OBJC_ARC = YES;
				CLANG_ENABLE_OBJC_WEAK = YES;
				CLANG_WARN_BLOCK_CAPTURE_AUTORELEASING = YES;
				CLANG_WARN_BOOL_CONVERSION = YES;
				CLANG_WARN_COMMA = YES;
				CLANG_WARN_CONSTANT_CONVERSION = YES;
				CLANG_WARN_DEPRECATED_OBJC_IMPLEMENTATIONS = YES;
				CLANG_WARN_DIRECT_OBJC_ISA_USAGE = YES_ERROR;
				CLANG_WARN_DOCUMENTATION_COMMENTS = YES;
				CLANG_WARN_EMPTY_BODY = YES;
				CLANG_WARN_ENUM_CONVERSION = YES;
				CLANG_WARN_INFINITE_RECURSION = YES;
				CLANG_WARN_INT_CONVERSION = YES;
				CLANG_WARN_NON_LITERAL_NULL_CONVERSION = YES;
				CLANG_WARN_OBJC_IMPLICIT_RETAIN_SELF = YES;
				CLANG_WARN_OBJC_LITERAL_CONVERSION = YES;
				CLANG_WARN_OBJC_ROOT_CLASS = YES_ERROR;
				CLANG_WARN_QUOTED_INCLUDE_IN_FRAMEWORK_HEADER = YES;
				CLANG_WARN_RANGE_LOOP_ANALYSIS = YES;
				CLANG_WARN_STRICT_PROTOTYPES = YES;
				CLANG_WARN_SUSPICIOUS_MOVE = YES;
				CLANG_WARN_UNGUARDED_AVAILABILITY = YES_AGGRESSIVE;
				CLANG_WARN_UNREACHABLE_CODE = YES;
				CLANG_WARN__DUPLICATE_METHOD_MATCH = YES;
				COPY_PHASE_STRIP = NO;
				DEBUG_INFORMATION_FORMAT = "dwarf-with-dsym";
				ENABLE_NS_ASSERTIONS = NO;
				ENABLE_STRICT_OBJC_MSGSEND = YES;
				GCC_C_LANGUAGE_STANDARD = gnu11;
				GCC_NO_COMMON_BLOCKS = YES;
				GCC_WARN_64_TO_32_BIT_CONVERSION = YES;
				GCC_WARN_ABOUT_RETURN_TYPE = YES_ERROR;
				GCC_WARN_UNDECLARED_SELECTOR = YES;
				GCC_WARN_UNINITIALIZED_AUTOS = YES_AGGRESSIVE;
				GCC_WARN_UNUSED_FUNCTION = YES;
				GCC_WARN_UNUSED_VARIABLE = YES;
				IPHONEOS_DEPLOYMENT_TARGET = 16.2;
				MTL_ENABLE_DEBUG_INFO = NO;
				MTL_FAST_MATH = YES;
				SDKROOT = iphoneos;
				SWIFT_COMPILATION_MODE = wholemodule;
				SWIFT_OPTIMIZATION_LEVEL = "-O";
				VALIDATE_PRODUCT = YES;
			};
			name = Release;
		};
		C992F7CE29FF28A2004C1BB4 /* Debug */ = {
			isa = XCBuildConfiguration;
			buildSettings = {
				ASSETCATALOG_COMPILER_APPICON_NAME = AppIcon;
				ASSETCATALOG_COMPILER_GLOBAL_ACCENT_COLOR_NAME = AccentColor;
				CODE_SIGN_STYLE = Automatic;
				CURRENT_PROJECT_VERSION = 1;
				DEVELOPMENT_TEAM = A3M4AFU3DN;
				GENERATE_INFOPLIST_FILE = YES;
				INFOPLIST_FILE = twitter/Info.plist;
				INFOPLIST_KEY_UIApplicationSupportsIndirectInputEvents = YES;
				INFOPLIST_KEY_UILaunchStoryboardName = LaunchScreen;
				INFOPLIST_KEY_UIMainStoryboardFile = Main;
				INFOPLIST_KEY_UISupportedInterfaceOrientations_iPad = "UIInterfaceOrientationPortrait UIInterfaceOrientationPortraitUpsideDown UIInterfaceOrientationLandscapeLeft UIInterfaceOrientationLandscapeRight";
				INFOPLIST_KEY_UISupportedInterfaceOrientations_iPhone = "UIInterfaceOrientationPortrait UIInterfaceOrientationLandscapeLeft UIInterfaceOrientationLandscapeRight";
				LD_RUNPATH_SEARCH_PATHS = (
					"$(inherited)",
					"@executable_path/Frameworks",
				);
				MARKETING_VERSION = 1.0;
				PRODUCT_BUNDLE_IDENTIFIER = G.O.D.twitter;
				PRODUCT_NAME = "$(TARGET_NAME)";
				SWIFT_EMIT_LOC_STRINGS = YES;
				SWIFT_VERSION = 5.0;
				TARGETED_DEVICE_FAMILY = "1,2";
			};
			name = Debug;
		};
		C992F7CF29FF28A2004C1BB4 /* Release */ = {
			isa = XCBuildConfiguration;
			buildSettings = {
				ASSETCATALOG_COMPILER_APPICON_NAME = AppIcon;
				ASSETCATALOG_COMPILER_GLOBAL_ACCENT_COLOR_NAME = AccentColor;
				CODE_SIGN_STYLE = Automatic;
				CURRENT_PROJECT_VERSION = 1;
				DEVELOPMENT_TEAM = A3M4AFU3DN;
				GENERATE_INFOPLIST_FILE = YES;
				INFOPLIST_FILE = twitter/Info.plist;
				INFOPLIST_KEY_UIApplicationSupportsIndirectInputEvents = YES;
				INFOPLIST_KEY_UILaunchStoryboardName = LaunchScreen;
				INFOPLIST_KEY_UIMainStoryboardFile = Main;
				INFOPLIST_KEY_UISupportedInterfaceOrientations_iPad = "UIInterfaceOrientationPortrait UIInterfaceOrientationPortraitUpsideDown UIInterfaceOrientationLandscapeLeft UIInterfaceOrientationLandscapeRight";
				INFOPLIST_KEY_UISupportedInterfaceOrientations_iPhone = "UIInterfaceOrientationPortrait UIInterfaceOrientationLandscapeLeft UIInterfaceOrientationLandscapeRight";
				LD_RUNPATH_SEARCH_PATHS = (
					"$(inherited)",
					"@executable_path/Frameworks",
				);
				MARKETING_VERSION = 1.0;
				PRODUCT_BUNDLE_IDENTIFIER = G.O.D.twitter;
				PRODUCT_NAME = "$(TARGET_NAME)";
				SWIFT_EMIT_LOC_STRINGS = YES;
				SWIFT_VERSION = 5.0;
				TARGETED_DEVICE_FAMILY = "1,2";
			};
			name = Release;
		};
/* End XCBuildConfiguration section */

/* Begin XCConfigurationList section */
		C992F7B129FF28A1004C1BB4 /* Build configuration list for PBXProject "twitter" */ = {
			isa = XCConfigurationList;
			buildConfigurations = (
				C992F7CB29FF28A2004C1BB4 /* Debug */,
				C992F7CC29FF28A2004C1BB4 /* Release */,
			);
			defaultConfigurationIsVisible = 0;
			defaultConfigurationName = Release;
		};
		C992F7CD29FF28A2004C1BB4 /* Build configuration list for PBXNativeTarget "twitter" */ = {
			isa = XCConfigurationList;
			buildConfigurations = (
				C992F7CE29FF28A2004C1BB4 /* Debug */,
				C992F7CF29FF28A2004C1BB4 /* Release */,
			);
			defaultConfigurationIsVisible = 0;
			defaultConfigurationName = Release;
		};
/* End XCConfigurationList section */

/* Begin XCVersionGroup section */
		C992F7C229FF28A1004C1BB4 /* twitter.xcdatamodeld */ = {
			isa = XCVersionGroup;
			children = (
				C992F7C329FF28A1004C1BB4 /* twitter.xcdatamodel */,
			);
			currentVersion = C992F7C329FF28A1004C1BB4 /* twitter.xcdatamodel */;
			path = twitter.xcdatamodeld;
			sourceTree = "<group>";
			versionGroupType = wrapper.xcdatamodel;
		};
/* End XCVersionGroup section */
	};
	rootObject = C992F7AE29FF28A1004C1BB4 /* Project object */;
}
